{
    "_readme": [
        "This file locks the dependencies of your project to a known state",
        "Read more about it at https://getcomposer.org/doc/01-basic-usage.md#composer-lock-the-lock-file",
        "This file is @generated automatically"
    ],
    "content-hash": "257310ab92b489d792118e96154a6bc2",
    "packages": [
        {
            "name": "cakephp/utility",
            "version": "3.4.5",
            "source": {
                "type": "git",
                "url": "https://github.com/cakephp/utility.git",
                "reference": "40f803d5dd04ea7d231f34f0decd5aac9392015e"
            },
            "dist": {
                "type": "zip",
                "url": "https://api.github.com/repos/cakephp/utility/zipball/40f803d5dd04ea7d231f34f0decd5aac9392015e",
                "reference": "40f803d5dd04ea7d231f34f0decd5aac9392015e",
                "shasum": ""
            },
            "suggest": {
                "ext-intl": "To use Text::transliterate() or Text::slug()",
                "lib-ICU": "To use Text::transliterate() or Text::slug()"
            },
            "type": "library",
            "autoload": {
                "psr-4": {
                    "Cake\\Utility\\": "."
                },
                "files": [
                    "bootstrap.php"
                ]
            },
            "notification-url": "https://packagist.org/downloads/",
            "license": [
                "MIT"
            ],
            "authors": [
                {
                    "name": "CakePHP Community",
                    "homepage": "https://cakephp.org"
                }
            ],
            "description": "CakePHP Utility classes such as Inflector, String, Hash, and Security",
            "time": "2017-03-11T11:13:01+00:00"
        },
        {
            "name": "nelson6e65/php_nml",
            "version": "v0.6.0",
            "source": {
                "type": "git",
                "url": "https://github.com/nelson6e65/php_nml.git",
                "reference": "6bf792da328695fc40ca348c5fa6809b7c683b20"
            },
            "dist": {
                "type": "zip",
                "url": "https://api.github.com/repos/nelson6e65/php_nml/zipball/6bf792da328695fc40ca348c5fa6809b7c683b20",
                "reference": "6bf792da328695fc40ca348c5fa6809b7c683b20",
                "shasum": ""
            },
            "require": {
                "cakephp/utility": "^3.0.1",
                "php": ">=5.5.0",
                "squizlabs/php_codesniffer": "^2.7"
            },
            "require-dev": {
                "apigen/apigen": "^4.1",
                "phpunit/phpunit": "*"
            },
            "type": "library",
            "extra": {
                "branch-alias": {
                    "dev-master": "v0.6.x-dev"
                }
            },
            "autoload": {
                "psr-4": {
                    "NelsonMartell\\": "src"
                },
                "files": [
                    "src/constants.php",
                    "src/deprecated_functions.php",
                    "src/functions.php",
                    "src/Collections/functions.php",
                    "src/Extensions/functions.php",
                    "src/Utilities/functions.php",
                    "src/Utilities/UnitTesting/functions.php",
                    "config/bootstrap.php"
                ]
            },
            "notification-url": "https://packagist.org/downloads/",
            "license": [
                "MIT"
            ],
            "authors": [
                {
                    "name": "Nelson Martell",
                    "email": "nelson6e65@gmail.com",
                    "homepage": "http://nelson6e65.github.io",
                    "role": "Developer"
                }
            ],
            "description": "PHP: Nelson Martell Library",
            "homepage": "http://nelson6e65.github.io/php_nml",
            "keywords": [
                "framework"
            ],
            "time": "2016-10-06T04:18:09+00:00"
        },
        {
            "name": "squizlabs/php_codesniffer",
            "version": "2.8.1",
            "source": {
                "type": "git",
                "url": "https://github.com/squizlabs/PHP_CodeSniffer.git",
                "reference": "d7cf0d894e8aa4c73712ee4a331cc1eaa37cdc7d"
            },
            "dist": {
                "type": "zip",
                "url": "https://api.github.com/repos/squizlabs/PHP_CodeSniffer/zipball/d7cf0d894e8aa4c73712ee4a331cc1eaa37cdc7d",
                "reference": "d7cf0d894e8aa4c73712ee4a331cc1eaa37cdc7d",
                "shasum": ""
            },
            "require": {
                "ext-simplexml": "*",
                "ext-tokenizer": "*",
                "ext-xmlwriter": "*",
                "php": ">=5.1.2"
            },
            "require-dev": {
                "phpunit/phpunit": "~4.0"
            },
            "bin": [
                "scripts/phpcs",
                "scripts/phpcbf"
            ],
            "type": "library",
            "extra": {
                "branch-alias": {
                    "dev-master": "2.x-dev"
                }
            },
            "autoload": {
                "classmap": [
                    "CodeSniffer.php",
                    "CodeSniffer/CLI.php",
                    "CodeSniffer/Exception.php",
                    "CodeSniffer/File.php",
                    "CodeSniffer/Fixer.php",
                    "CodeSniffer/Report.php",
                    "CodeSniffer/Reporting.php",
                    "CodeSniffer/Sniff.php",
                    "CodeSniffer/Tokens.php",
                    "CodeSniffer/Reports/",
                    "CodeSniffer/Tokenizers/",
                    "CodeSniffer/DocGenerators/",
                    "CodeSniffer/Standards/AbstractPatternSniff.php",
                    "CodeSniffer/Standards/AbstractScopeSniff.php",
                    "CodeSniffer/Standards/AbstractVariableSniff.php",
                    "CodeSniffer/Standards/IncorrectPatternException.php",
                    "CodeSniffer/Standards/Generic/Sniffs/",
                    "CodeSniffer/Standards/MySource/Sniffs/",
                    "CodeSniffer/Standards/PEAR/Sniffs/",
                    "CodeSniffer/Standards/PSR1/Sniffs/",
                    "CodeSniffer/Standards/PSR2/Sniffs/",
                    "CodeSniffer/Standards/Squiz/Sniffs/",
                    "CodeSniffer/Standards/Zend/Sniffs/"
                ]
            },
            "notification-url": "https://packagist.org/downloads/",
            "license": [
                "BSD-3-Clause"
            ],
            "authors": [
                {
                    "name": "Greg Sherwood",
                    "role": "lead"
                }
            ],
            "description": "PHP_CodeSniffer tokenizes PHP, JavaScript and CSS files and detects violations of a defined set of coding standards.",
            "homepage": "http://www.squizlabs.com/php-codesniffer",
            "keywords": [
                "phpcs",
                "standards"
            ],
            "time": "2017-03-01T22:17:45+00:00"
        }
    ],
    "packages-dev": [],
    "aliases": [],
    "minimum-stability": "stable",
    "stability-flags": [],
    "prefer-stable": false,
    "prefer-lowest": false,
    "platform": [],
    "platform-dev": []
}
